
Microsoft Visual Studio Solution File, Format Version 12.00
# Visual Studio Version 17
VisualStudioVersion = 17.11.35208.52
MinimumVisualStudioVersion = 10.0.40219.1
Project("{FAE04EC0-301F-11D3-BF4B-00C04F79EFBC}") = "QuizMaker_labb3", "QuizMaker_labb3\QuizMaker_labb3.csproj", "{A60B64CB-D47C-4320-B8C8-E73F2D25F804}"
EndProject
Global
	GlobalSection(SolutionConfigurationPlatforms) = preSolution
		Debug|Any CPU = Debug|Any CPU
		Release|Any CPU = Release|Any CPU
	EndGlobalSection
	GlobalSection(ProjectConfigurationPlatforms) = postSolution
		{A60B64CB-D47C-4320-B8C8-E73F2D25F804}.Debug|Any CPU.ActiveCfg = Debug|Any CPU
		{A60B64CB-D47C-4320-B8C8-E73F2D25F804}.Debug|Any CPU.Build.0 = Debug|Any CPU
		{A60B64CB-D47C-4320-B8C8-E73F2D25F804}.Release|Any CPU.ActiveCfg = Release|Any CPU
		{A60B64CB-D47C-4320-B8C8-E73F2D25F804}.Release|Any CPU.Build.0 = Release|Any CPU
	EndGlobalSection
	GlobalSection(SolutionProperties) = preSolution
		HideSolutionNode = FALSE
	EndGlobalSection
	GlobalSection(ExtensibilityGlobals) = postSolution
		SolutionGuid = {5151B323-2565-49BE-B5DC-78ABA8C803F8}
	EndGlobalSection
EndGlobal
